
Microsoft Visual Studio Solution File, Format Version 12.00
# Visual Studio Version 16
VisualStudioVersion = 16.0.31129.286
MinimumVisualStudioVersion = 10.0.40219.1
Project("{FAE04EC0-301F-11D3-BF4B-00C04F79EFBC}") = "csharp-runtime-issue-20210410", "csharp-runtime-issue-20210410.csproj", "{74E9D73D-71EB-491F-AFBE-78CE2FA919AD}"
EndProject
Global
	GlobalSection(SolutionConfigurationPlatforms) = preSolution
		Debug|Any CPU = Debug|Any CPU
		Release|Any CPU = Release|Any CPU
	EndGlobalSection
	GlobalSection(ProjectConfigurationPlatforms) = postSolution
		{74E9D73D-71EB-491F-AFBE-78CE2FA919AD}.Debug|Any CPU.ActiveCfg = Debug|Any CPU
		{74E9D73D-71EB-491F-AFBE-78CE2FA919AD}.Debug|Any CPU.Build.0 = Debug|Any CPU
		{74E9D73D-71EB-491F-AFBE-78CE2FA919AD}.Release|Any CPU.ActiveCfg = Release|Any CPU
		{74E9D73D-71EB-491F-AFBE-78CE2FA919AD}.Release|Any CPU.Build.0 = Release|Any CPU
	EndGlobalSection
	GlobalSection(SolutionProperties) = preSolution
		HideSolutionNode = FALSE
	EndGlobalSection
	GlobalSection(ExtensibilityGlobals) = postSolution
		SolutionGuid = {22F84D07-0185-434E-96F4-EAA9B17517F9}
	EndGlobalSection
EndGlobal
